
Microsoft Visual Studio Solution File, Format Version 12.00
# Visual Studio Version 16
VisualStudioVersion = 16.0.30907.101
MinimumVisualStudioVersion = 10.0.40219.1
Project("{FAE04EC0-301F-11D3-BF4B-00C04F79EFBC}") = "smtpclient", "smtpclient.csproj", "{55831A43-4B02-49BC-BCA3-EF6C07314138}"
EndProject
Global
	GlobalSection(SolutionConfigurationPlatforms) = preSolution
		Debug|Any CPU = Debug|Any CPU
		Release|Any CPU = Release|Any CPU
	EndGlobalSection
	GlobalSection(ProjectConfigurationPlatforms) = postSolution
		{55831A43-4B02-49BC-BCA3-EF6C07314138}.Debug|Any CPU.ActiveCfg = Debug|Any CPU
		{55831A43-4B02-49BC-BCA3-EF6C07314138}.Debug|Any CPU.Build.0 = Debug|Any CPU
		{55831A43-4B02-49BC-BCA3-EF6C07314138}.Release|Any CPU.ActiveCfg = Release|Any CPU
		{55831A43-4B02-49BC-BCA3-EF6C07314138}.Release|Any CPU.Build.0 = Release|Any CPU
	EndGlobalSection
	GlobalSection(SolutionProperties) = preSolution
		HideSolutionNode = FALSE
	EndGlobalSection
	GlobalSection(ExtensibilityGlobals) = postSolution
		SolutionGuid = {F1CD0677-EC2A-4AE9-A1A4-45EDA84A7D36}
	EndGlobalSection
EndGlobal
